
Microsoft Visual Studio Solution File, Format Version 12.00
# Visual Studio Version 17
VisualStudioVersion = 17.10.35004.147
MinimumVisualStudioVersion = 10.0.40219.1
Project("{FAE04EC0-301F-11D3-BF4B-00C04F79EFBC}") = "List_Work", "List_Work\List_Work.csproj", "{948DB69F-0880-4BA3-8AED-BC468B943F70}"
EndProject
Project("{FAE04EC0-301F-11D3-BF4B-00C04F79EFBC}") = "MyLibrary", "MyLibrary\MyLibrary.csproj", "{FBF5D027-1468-410E-B31A-7A269BEE1904}"
EndProject
Global
	GlobalSection(SolutionConfigurationPlatforms) = preSolution
		Debug|Any CPU = Debug|Any CPU
		Release|Any CPU = Release|Any CPU
	EndGlobalSection
	GlobalSection(ProjectConfigurationPlatforms) = postSolution
		{948DB69F-0880-4BA3-8AED-BC468B943F70}.Debug|Any CPU.ActiveCfg = Debug|Any CPU
		{948DB69F-0880-4BA3-8AED-BC468B943F70}.Debug|Any CPU.Build.0 = Debug|Any CPU
		{948DB69F-0880-4BA3-8AED-BC468B943F70}.Release|Any CPU.ActiveCfg = Release|Any CPU
		{948DB69F-0880-4BA3-8AED-BC468B943F70}.Release|Any CPU.Build.0 = Release|Any CPU
		{FBF5D027-1468-410E-B31A-7A269BEE1904}.Debug|Any CPU.ActiveCfg = Debug|Any CPU
		{FBF5D027-1468-410E-B31A-7A269BEE1904}.Debug|Any CPU.Build.0 = Debug|Any CPU
		{FBF5D027-1468-410E-B31A-7A269BEE1904}.Release|Any CPU.ActiveCfg = Release|Any CPU
		{FBF5D027-1468-410E-B31A-7A269BEE1904}.Release|Any CPU.Build.0 = Release|Any CPU
	EndGlobalSection
	GlobalSection(SolutionProperties) = preSolution
		HideSolutionNode = FALSE
	EndGlobalSection
	GlobalSection(ExtensibilityGlobals) = postSolution
		SolutionGuid = {E3CB44C6-FCA7-4CDA-B62E-97D3F7D2E5C9}
	EndGlobalSection
EndGlobal
